
Microsoft Visual Studio Solution File, Format Version 12.00
# Visual Studio Version 17
VisualStudioVersion = 17.14.35906.104
MinimumVisualStudioVersion = 10.0.40219.1
Project("{FAE04EC0-301F-11D3-BF4B-00C04F79EFBC}") = "VietCommerce.AdminApi", "BE\VietCommerce.AdminApi.csproj", "{72950968-E4B7-4DCC-9FBC-2944CF38BE09}"
EndProject
Project("{FAE04EC0-301F-11D3-BF4B-00C04F79EFBC}") = "VietCommerce.Core", "VietCommerce.Core\VietCommerce.Core.csproj", "{B899CE1C-9C8E-4AA3-A218-8AE68F239F1B}"
EndProject
Project("{FAE04EC0-301F-11D3-BF4B-00C04F79EFBC}") = "VietCommerce.Data", "VietCommerce.Data\VietCommerce.Data.csproj", "{E80D3410-95E3-4C83-9A84-59DC00E09A4A}"
EndProject
Project("{FAE04EC0-301F-11D3-BF4B-00C04F79EFBC}") = "VietCommerce.Api", "VietCommerce.Api\VietCommerce.Api.csproj", "{F47692A2-2551-43E3-BCFB-26D190A33673}"
EndProject
Project("{FAE04EC0-301F-11D3-BF4B-00C04F79EFBC}") = "VietCommerce.Tests", "VietCommerce.Tests\VietCommerce.Tests.csproj", "{48E19EEF-CCBD-43CA-AFFF-04E7725A9EB3}"
EndProject
Project("{FAE04EC0-301F-11D3-BF4B-00C04F79EFBC}") = "VietCommerce.Application", "VietCommerce.Application\VietCommerce.Application.csproj", "{467BDFCE-41AD-4535-B4E3-C47B7E03175D}"
EndProject
Project("{2150E333-8FDC-42A3-9474-1A3956D46DE8}") = "Solution Items", "Solution Items", "{8EC462FD-D22E-90A8-E5CE-7E832BA40C5D}"
	ProjectSection(SolutionItems) = preProject
		AllFiles.txt = AllFiles.txt
		BACKEND_ENDPOINTS_QUICK_REFERENCE.md = BACKEND_ENDPOINTS_QUICK_REFERENCE.md
		BACKEND_SPECIFICATION_COMPLETE.md = BACKEND_SPECIFICATION_COMPLETE.md
		DETAILED_BACKEND_IMPLEMENTATION_GUIDE_FOR_CSHARP_TEAM.txt = DETAILED_BACKEND_IMPLEMENTATION_GUIDE_FOR_CSHARP_TEAM.txt
		SYSTEM_CONTEXT_PROMPT.md = SYSTEM_CONTEXT_PROMPT.md
		Todolist.txt = Todolist.txt
	EndProjectSection
EndProject
Global
	GlobalSection(SolutionConfigurationPlatforms) = preSolution
		Debug|Any CPU = Debug|Any CPU
		Debug|x64 = Debug|x64
		Debug|x86 = Debug|x86
		Release|Any CPU = Release|Any CPU
		Release|x64 = Release|x64
		Release|x86 = Release|x86
	EndGlobalSection
	GlobalSection(ProjectConfigurationPlatforms) = postSolution
		{72950968-E4B7-4DCC-9FBC-2944CF38BE09}.Debug|Any CPU.ActiveCfg = Debug|Any CPU
		{72950968-E4B7-4DCC-9FBC-2944CF38BE09}.Debug|Any CPU.Build.0 = Debug|Any CPU
		{72950968-E4B7-4DCC-9FBC-2944CF38BE09}.Debug|x64.ActiveCfg = Debug|Any CPU
		{72950968-E4B7-4DCC-9FBC-2944CF38BE09}.Debug|x64.Build.0 = Debug|Any CPU
		{72950968-E4B7-4DCC-9FBC-2944CF38BE09}.Debug|x86.ActiveCfg = Debug|Any CPU
		{72950968-E4B7-4DCC-9FBC-2944CF38BE09}.Debug|x86.Build.0 = Debug|Any CPU
		{72950968-E4B7-4DCC-9FBC-2944CF38BE09}.Release|Any CPU.ActiveCfg = Release|Any CPU
		{72950968-E4B7-4DCC-9FBC-2944CF38BE09}.Release|Any CPU.Build.0 = Release|Any CPU
		{72950968-E4B7-4DCC-9FBC-2944CF38BE09}.Release|x64.ActiveCfg = Release|Any CPU
		{72950968-E4B7-4DCC-9FBC-2944CF38BE09}.Release|x64.Build.0 = Release|Any CPU
		{72950968-E4B7-4DCC-9FBC-2944CF38BE09}.Release|x86.ActiveCfg = Release|Any CPU
		{72950968-E4B7-4DCC-9FBC-2944CF38BE09}.Release|x86.Build.0 = Release|Any CPU
		{B899CE1C-9C8E-4AA3-A218-8AE68F239F1B}.Debug|Any CPU.ActiveCfg = Debug|Any CPU
		{B899CE1C-9C8E-4AA3-A218-8AE68F239F1B}.Debug|Any CPU.Build.0 = Debug|Any CPU
		{B899CE1C-9C8E-4AA3-A218-8AE68F239F1B}.Debug|x64.ActiveCfg = Debug|Any CPU
		{B899CE1C-9C8E-4AA3-A218-8AE68F239F1B}.Debug|x64.Build.0 = Debug|Any CPU
		{B899CE1C-9C8E-4AA3-A218-8AE68F239F1B}.Debug|x86.ActiveCfg = Debug|Any CPU
		{B899CE1C-9C8E-4AA3-A218-8AE68F239F1B}.Debug|x86.Build.0 = Debug|Any CPU
		{B899CE1C-9C8E-4AA3-A218-8AE68F239F1B}.Release|Any CPU.ActiveCfg = Release|Any CPU
		{B899CE1C-9C8E-4AA3-A218-8AE68F239F1B}.Release|Any CPU.Build.0 = Release|Any CPU
		{B899CE1C-9C8E-4AA3-A218-8AE68F239F1B}.Release|x64.ActiveCfg = Release|Any CPU
		{B899CE1C-9C8E-4AA3-A218-8AE68F239F1B}.Release|x64.Build.0 = Release|Any CPU
		{B899CE1C-9C8E-4AA3-A218-8AE68F239F1B}.Release|x86.ActiveCfg = Release|Any CPU
		{B899CE1C-9C8E-4AA3-A218-8AE68F239F1B}.Release|x86.Build.0 = Release|Any CPU
		{E80D3410-95E3-4C83-9A84-59DC00E09A4A}.Debug|Any CPU.ActiveCfg = Debug|Any CPU
		{E80D3410-95E3-4C83-9A84-59DC00E09A4A}.Debug|Any CPU.Build.0 = Debug|Any CPU
		{E80D3410-95E3-4C83-9A84-59DC00E09A4A}.Debug|x64.ActiveCfg = Debug|Any CPU
		{E80D3410-95E3-4C83-9A84-59DC00E09A4A}.Debug|x64.Build.0 = Debug|Any CPU
		{E80D3410-95E3-4C83-9A84-59DC00E09A4A}.Debug|x86.ActiveCfg = Debug|Any CPU
		{E80D3410-95E3-4C83-9A84-59DC00E09A4A}.Debug|x86.Build.0 = Debug|Any CPU
		{E80D3410-95E3-4C83-9A84-59DC00E09A4A}.Release|Any CPU.ActiveCfg = Release|Any CPU
		{E80D3410-95E3-4C83-9A84-59DC00E09A4A}.Release|Any CPU.Build.0 = Release|Any CPU
		{E80D3410-95E3-4C83-9A84-59DC00E09A4A}.Release|x64.ActiveCfg = Release|Any CPU
		{E80D3410-95E3-4C83-9A84-59DC00E09A4A}.Release|x64.Build.0 = Release|Any CPU
		{E80D3410-95E3-4C83-9A84-59DC00E09A4A}.Release|x86.ActiveCfg = Release|Any CPU
		{E80D3410-95E3-4C83-9A84-59DC00E09A4A}.Release|x86.Build.0 = Release|Any CPU
		{F47692A2-2551-43E3-BCFB-26D190A33673}.Debug|Any CPU.ActiveCfg = Debug|Any CPU
		{F47692A2-2551-43E3-BCFB-26D190A33673}.Debug|Any CPU.Build.0 = Debug|Any CPU
		{F47692A2-2551-43E3-BCFB-26D190A33673}.Debug|x64.ActiveCfg = Debug|Any CPU
		{F47692A2-2551-43E3-BCFB-26D190A33673}.Debug|x64.Build.0 = Debug|Any CPU
		{F47692A2-2551-43E3-BCFB-26D190A33673}.Debug|x86.ActiveCfg = Debug|Any CPU
		{F47692A2-2551-43E3-BCFB-26D190A33673}.Debug|x86.Build.0 = Debug|Any CPU
		{F47692A2-2551-43E3-BCFB-26D190A33673}.Release|Any CPU.ActiveCfg = Release|Any CPU
		{F47692A2-2551-43E3-BCFB-26D190A33673}.Release|Any CPU.Build.0 = Release|Any CPU
		{F47692A2-2551-43E3-BCFB-26D190A33673}.Release|x64.ActiveCfg = Release|Any CPU
		{F47692A2-2551-43E3-BCFB-26D190A33673}.Release|x64.Build.0 = Release|Any CPU
		{F47692A2-2551-43E3-BCFB-26D190A33673}.Release|x86.ActiveCfg = Release|Any CPU
		{F47692A2-2551-43E3-BCFB-26D190A33673}.Release|x86.Build.0 = Release|Any CPU
		{48E19EEF-CCBD-43CA-AFFF-04E7725A9EB3}.Debug|Any CPU.ActiveCfg = Debug|Any CPU
		{48E19EEF-CCBD-43CA-AFFF-04E7725A9EB3}.Debug|Any CPU.Build.0 = Debug|Any CPU
		{48E19EEF-CCBD-43CA-AFFF-04E7725A9EB3}.Debug|x64.ActiveCfg = Debug|Any CPU
		{48E19EEF-CCBD-43CA-AFFF-04E7725A9EB3}.Debug|x64.Build.0 = Debug|Any CPU
		{48E19EEF-CCBD-43CA-AFFF-04E7725A9EB3}.Debug|x86.ActiveCfg = Debug|Any CPU
		{48E19EEF-CCBD-43CA-AFFF-04E7725A9EB3}.Debug|x86.Build.0 = Debug|Any CPU
		{48E19EEF-CCBD-43CA-AFFF-04E7725A9EB3}.Release|Any CPU.ActiveCfg = Release|Any CPU
		{48E19EEF-CCBD-43CA-AFFF-04E7725A9EB3}.Release|Any CPU.Build.0 = Release|Any CPU
		{48E19EEF-CCBD-43CA-AFFF-04E7725A9EB3}.Release|x64.ActiveCfg = Release|Any CPU
		{48E19EEF-CCBD-43CA-AFFF-04E7725A9EB3}.Release|x64.Build.0 = Release|Any CPU
		{48E19EEF-CCBD-43CA-AFFF-04E7725A9EB3}.Release|x86.ActiveCfg = Release|Any CPU
		{48E19EEF-CCBD-43CA-AFFF-04E7725A9EB3}.Release|x86.Build.0 = Release|Any CPU
		{467BDFCE-41AD-4535-B4E3-C47B7E03175D}.Debug|Any CPU.ActiveCfg = Debug|Any CPU
		{467BDFCE-41AD-4535-B4E3-C47B7E03175D}.Debug|Any CPU.Build.0 = Debug|Any CPU
		{467BDFCE-41AD-4535-B4E3-C47B7E03175D}.Debug|x64.ActiveCfg = Debug|Any CPU
		{467BDFCE-41AD-4535-B4E3-C47B7E03175D}.Debug|x64.Build.0 = Debug|Any CPU
		{467BDFCE-41AD-4535-B4E3-C47B7E03175D}.Debug|x86.ActiveCfg = Debug|Any CPU
		{467BDFCE-41AD-4535-B4E3-C47B7E03175D}.Debug|x86.Build.0 = Debug|Any CPU
		{467BDFCE-41AD-4535-B4E3-C47B7E03175D}.Release|Any CPU.ActiveCfg = Release|Any CPU
		{467BDFCE-41AD-4535-B4E3-C47B7E03175D}.Release|Any CPU.Build.0 = Release|Any CPU
		{467BDFCE-41AD-4535-B4E3-C47B7E03175D}.Release|x64.ActiveCfg = Release|Any CPU
		{467BDFCE-41AD-4535-B4E3-C47B7E03175D}.Release|x64.Build.0 = Release|Any CPU
		{467BDFCE-41AD-4535-B4E3-C47B7E03175D}.Release|x86.ActiveCfg = Release|Any CPU
		{467BDFCE-41AD-4535-B4E3-C47B7E03175D}.Release|x86.Build.0 = Release|Any CPU
	EndGlobalSection
	GlobalSection(SolutionProperties) = preSolution
		HideSolutionNode = FALSE
	EndGlobalSection
	GlobalSection(ExtensibilityGlobals) = postSolution
		SolutionGuid = {197A448E-9A8C-4AB3-9454-2BF73AA7E8D1}
	EndGlobalSection
EndGlobal
