
Microsoft Visual Studio Solution File, Format Version 12.00
# Visual Studio Version 17
VisualStudioVersion = 17.14.35906.104 d17.14
MinimumVisualStudioVersion = 10.0.40219.1
Project("{FAE04EC0-301F-11D3-BF4B-00C04F79EFBC}") = "BE", "BE\BE.csproj", "{72950968-E4B7-4DCC-9FBC-2944CF38BE09}"
EndProject
Global
	GlobalSection(SolutionConfigurationPlatforms) = preSolution
		Debug|Any CPU = Debug|Any CPU
		Release|Any CPU = Release|Any CPU
	EndGlobalSection
	GlobalSection(ProjectConfigurationPlatforms) = postSolution
		{72950968-E4B7-4DCC-9FBC-2944CF38BE09}.Debug|Any CPU.ActiveCfg = Debug|Any CPU
		{72950968-E4B7-4DCC-9FBC-2944CF38BE09}.Debug|Any CPU.Build.0 = Debug|Any CPU
		{72950968-E4B7-4DCC-9FBC-2944CF38BE09}.Release|Any CPU.ActiveCfg = Release|Any CPU
		{72950968-E4B7-4DCC-9FBC-2944CF38BE09}.Release|Any CPU.Build.0 = Release|Any CPU
	EndGlobalSection
	GlobalSection(SolutionProperties) = preSolution
		HideSolutionNode = FALSE
	EndGlobalSection
	GlobalSection(ExtensibilityGlobals) = postSolution
		SolutionGuid = {197A448E-9A8C-4AB3-9454-2BF73AA7E8D1}
	EndGlobalSection
EndGlobal
